// !$*UTF8*$!
{
	archiveVersion = 1;
	classes = {
	};
	objectVersion = 56;
	objects = {

/* Begin PBXBuildFile section */
		760C8BE82B31443B00B8412D /* DetailEventView.swift in Sources */ = {isa = PBXBuildFile; fileRef = 760C8BE72B31443B00B8412D /* DetailEventView.swift */; };
		764828BB2B2BF55800F8A131 /* LoginResponse.swift in Sources */ = {isa = PBXBuildFile; fileRef = 764828BA2B2BF55800F8A131 /* LoginResponse.swift */; };
		764828BE2B2BF5F000F8A131 /* LoginService.swift in Sources */ = {isa = PBXBuildFile; fileRef = 764828BD2B2BF5F000F8A131 /* LoginService.swift */; };
		764828C02B2BF71D00F8A131 /* LoginViewModel.swift in Sources */ = {isa = PBXBuildFile; fileRef = 764828BF2B2BF71D00F8A131 /* LoginViewModel.swift */; };
		764828C22B2BF84B00F8A131 /* LoginView.swift in Sources */ = {isa = PBXBuildFile; fileRef = 764828C12B2BF84B00F8A131 /* LoginView.swift */; };
		764828C42B2C394E00F8A131 /* SplashScreenView.swift in Sources */ = {isa = PBXBuildFile; fileRef = 764828C32B2C394E00F8A131 /* SplashScreenView.swift */; };
		764828C62B2C3C4600F8A131 /* Launch Screen.storyboard in Resources */ = {isa = PBXBuildFile; fileRef = 764828C52B2C3C4600F8A131 /* Launch Screen.storyboard */; };
		764828CA2B2C3D4B00F8A131 /* splashscreen.jpg in Resources */ = {isa = PBXBuildFile; fileRef = 764828C92B2C3D4B00F8A131 /* splashscreen.jpg */; };
		764828CC2B2C5A4700F8A131 /* HomeViewModel.swift in Sources */ = {isa = PBXBuildFile; fileRef = 764828CB2B2C5A4700F8A131 /* HomeViewModel.swift */; };
		76770A5C2B28546700389C80 /* Potluck_ErajayaApp.swift in Sources */ = {isa = PBXBuildFile; fileRef = 76770A5B2B28546700389C80 /* Potluck_ErajayaApp.swift */; };
		76770A5E2B28546700389C80 /* ContentView.swift in Sources */ = {isa = PBXBuildFile; fileRef = 76770A5D2B28546700389C80 /* ContentView.swift */; };
		76770A602B28546900389C80 /* Assets.xcassets in Resources */ = {isa = PBXBuildFile; fileRef = 76770A5F2B28546900389C80 /* Assets.xcassets */; };
		76770A632B28546900389C80 /* Preview Assets.xcassets in Resources */ = {isa = PBXBuildFile; fileRef = 76770A622B28546900389C80 /* Preview Assets.xcassets */; };
		76770A6D2B28546A00389C80 /* Potluck_ErajayaTests.swift in Sources */ = {isa = PBXBuildFile; fileRef = 76770A6C2B28546A00389C80 /* Potluck_ErajayaTests.swift */; };
		76770A772B28546A00389C80 /* Potluck_ErajayaUITests.swift in Sources */ = {isa = PBXBuildFile; fileRef = 76770A762B28546A00389C80 /* Potluck_ErajayaUITests.swift */; };
		76770A792B28546A00389C80 /* Potluck_ErajayaUITestsLaunchTests.swift in Sources */ = {isa = PBXBuildFile; fileRef = 76770A782B28546A00389C80 /* Potluck_ErajayaUITestsLaunchTests.swift */; };
		76770A862B28548A00389C80 /* HomeView.swift in Sources */ = {isa = PBXBuildFile; fileRef = 76770A852B28548A00389C80 /* HomeView.swift */; };
		76C5A2362B2FF525003487BD /* EventView.swift in Sources */ = {isa = PBXBuildFile; fileRef = 76C5A2352B2FF525003487BD /* EventView.swift */; };
		76C5A2382B2FF54C003487BD /* ProfileView.swift in Sources */ = {isa = PBXBuildFile; fileRef = 76C5A2372B2FF54C003487BD /* ProfileView.swift */; };
		76C5A23A2B30392E003487BD /* BookingHistoryView.swift in Sources */ = {isa = PBXBuildFile; fileRef = 76C5A2392B30392E003487BD /* BookingHistoryView.swift */; };
		76C5A23C2B30A576003487BD /* Helpers.swift in Sources */ = {isa = PBXBuildFile; fileRef = 76C5A23B2B30A576003487BD /* Helpers.swift */; };
		76D6D7EA2B33DDDD002CA521 /* HomeService.swift in Sources */ = {isa = PBXBuildFile; fileRef = 76D6D7E92B33DDDD002CA521 /* HomeService.swift */; };
		76D6D7EC2B33E0B7002CA521 /* HomeResponse.swift in Sources */ = {isa = PBXBuildFile; fileRef = 76D6D7EB2B33E0B7002CA521 /* HomeResponse.swift */; };
/* End PBXBuildFile section */

/* Begin PBXContainerItemProxy section */
		76770A692B28546900389C80 /* PBXContainerItemProxy */ = {
			isa = PBXContainerItemProxy;
			containerPortal = 76770A502B28546700389C80 /* Project object */;
			proxyType = 1;
			remoteGlobalIDString = 76770A572B28546700389C80;
			remoteInfo = "Potluck Erajaya";
		};
		76770A732B28546A00389C80 /* PBXContainerItemProxy */ = {
			isa = PBXContainerItemProxy;
			containerPortal = 76770A502B28546700389C80 /* Project object */;
			proxyType = 1;
			remoteGlobalIDString = 76770A572B28546700389C80;
			remoteInfo = "Potluck Erajaya";
		};
/* End PBXContainerItemProxy section */

/* Begin PBXFileReference section */
		760C8BE72B31443B00B8412D /* DetailEventView.swift */ = {isa = PBXFileReference; lastKnownFileType = sourcecode.swift; path = DetailEventView.swift; sourceTree = "<group>"; };
		764828BA2B2BF55800F8A131 /* LoginResponse.swift */ = {isa = PBXFileReference; lastKnownFileType = sourcecode.swift; path = LoginResponse.swift; sourceTree = "<group>"; };
		764828BD2B2BF5F000F8A131 /* LoginService.swift */ = {isa = PBXFileReference; lastKnownFileType = sourcecode.swift; path = LoginService.swift; sourceTree = "<group>"; };
		764828BF2B2BF71D00F8A131 /* LoginViewModel.swift */ = {isa = PBXFileReference; lastKnownFileType = sourcecode.swift; path = LoginViewModel.swift; sourceTree = "<group>"; };
		764828C12B2BF84B00F8A131 /* LoginView.swift */ = {isa = PBXFileReference; lastKnownFileType = sourcecode.swift; path = LoginView.swift; sourceTree = "<group>"; };
		764828C32B2C394E00F8A131 /* SplashScreenView.swift */ = {isa = PBXFileReference; lastKnownFileType = sourcecode.swift; path = SplashScreenView.swift; sourceTree = "<group>"; };
		764828C52B2C3C4600F8A131 /* Launch Screen.storyboard */ = {isa = PBXFileReference; lastKnownFileType = file.storyboard; path = "Launch Screen.storyboard"; sourceTree = "<group>"; };
		764828C92B2C3D4B00F8A131 /* splashscreen.jpg */ = {isa = PBXFileReference; lastKnownFileType = image.jpeg; name = splashscreen.jpg; path = ../../../../../../Users/agussiswanto/Downloads/splashscreen.jpg; sourceTree = "<group>"; };
		764828CB2B2C5A4700F8A131 /* HomeViewModel.swift */ = {isa = PBXFileReference; lastKnownFileType = sourcecode.swift; path = HomeViewModel.swift; sourceTree = "<group>"; };
		76770A582B28546700389C80 /* Potluck Erajaya.app */ = {isa = PBXFileReference; explicitFileType = wrapper.application; includeInIndex = 0; path = "Potluck Erajaya.app"; sourceTree = BUILT_PRODUCTS_DIR; };
		76770A5B2B28546700389C80 /* Potluck_ErajayaApp.swift */ = {isa = PBXFileReference; lastKnownFileType = sourcecode.swift; path = Potluck_ErajayaApp.swift; sourceTree = "<group>"; };
		76770A5D2B28546700389C80 /* ContentView.swift */ = {isa = PBXFileReference; lastKnownFileType = sourcecode.swift; path = ContentView.swift; sourceTree = "<group>"; };
		76770A5F2B28546900389C80 /* Assets.xcassets */ = {isa = PBXFileReference; lastKnownFileType = folder.assetcatalog; path = Assets.xcassets; sourceTree = "<group>"; };
		76770A622B28546900389C80 /* Preview Assets.xcassets */ = {isa = PBXFileReference; lastKnownFileType = folder.assetcatalog; path = "Preview Assets.xcassets"; sourceTree = "<group>"; };
		76770A682B28546900389C80 /* Potluck ErajayaTests.xctest */ = {isa = PBXFileReference; explicitFileType = wrapper.cfbundle; includeInIndex = 0; path = "Potluck ErajayaTests.xctest"; sourceTree = BUILT_PRODUCTS_DIR; };
		76770A6C2B28546A00389C80 /* Potluck_ErajayaTests.swift */ = {isa = PBXFileReference; lastKnownFileType = sourcecode.swift; path = Potluck_ErajayaTests.swift; sourceTree = "<group>"; };
		76770A722B28546A00389C80 /* Potluck ErajayaUITests.xctest */ = {isa = PBXFileReference; explicitFileType = wrapper.cfbundle; includeInIndex = 0; path = "Potluck ErajayaUITests.xctest"; sourceTree = BUILT_PRODUCTS_DIR; };
		76770A762B28546A00389C80 /* Potluck_ErajayaUITests.swift */ = {isa = PBXFileReference; lastKnownFileType = sourcecode.swift; path = Potluck_ErajayaUITests.swift; sourceTree = "<group>"; };
		76770A782B28546A00389C80 /* Potluck_ErajayaUITestsLaunchTests.swift */ = {isa = PBXFileReference; lastKnownFileType = sourcecode.swift; path = Potluck_ErajayaUITestsLaunchTests.swift; sourceTree = "<group>"; };
		76770A852B28548A00389C80 /* HomeView.swift */ = {isa = PBXFileReference; lastKnownFileType = sourcecode.swift; path = HomeView.swift; sourceTree = "<group>"; };
		76C5A2352B2FF525003487BD /* EventView.swift */ = {isa = PBXFileReference; lastKnownFileType = sourcecode.swift; path = EventView.swift; sourceTree = "<group>"; };
		76C5A2372B2FF54C003487BD /* ProfileView.swift */ = {isa = PBXFileReference; lastKnownFileType = sourcecode.swift; path = ProfileView.swift; sourceTree = "<group>"; };
		76C5A2392B30392E003487BD /* BookingHistoryView.swift */ = {isa = PBXFileReference; lastKnownFileType = sourcecode.swift; path = BookingHistoryView.swift; sourceTree = "<group>"; };
		76C5A23B2B30A576003487BD /* Helpers.swift */ = {isa = PBXFileReference; lastKnownFileType = sourcecode.swift; name = Helpers.swift; path = "Potluck Erajaya/Views/Helpers.swift"; sourceTree = SOURCE_ROOT; };
		76D6D7E92B33DDDD002CA521 /* HomeService.swift */ = {isa = PBXFileReference; lastKnownFileType = sourcecode.swift; path = HomeService.swift; sourceTree = "<group>"; };
		76D6D7EB2B33E0B7002CA521 /* HomeResponse.swift */ = {isa = PBXFileReference; lastKnownFileType = sourcecode.swift; path = HomeResponse.swift; sourceTree = "<group>"; };
/* End PBXFileReference section */

/* Begin PBXFrameworksBuildPhase section */
		76770A552B28546700389C80 /* Frameworks */ = {
			isa = PBXFrameworksBuildPhase;
			buildActionMask = 2147483647;
			files = (
			);
			runOnlyForDeploymentPostprocessing = 0;
		};
		76770A652B28546900389C80 /* Frameworks */ = {
			isa = PBXFrameworksBuildPhase;
			buildActionMask = 2147483647;
			files = (
			);
			runOnlyForDeploymentPostprocessing = 0;
		};
		76770A6F2B28546A00389C80 /* Frameworks */ = {
			isa = PBXFrameworksBuildPhase;
			buildActionMask = 2147483647;
			files = (
			);
			runOnlyForDeploymentPostprocessing = 0;
		};
/* End PBXFrameworksBuildPhase section */

/* Begin PBXGroup section */
		764828B42B2BF3EE00F8A131 /* Models */ = {
			isa = PBXGroup;
			children = (
				764828BA2B2BF55800F8A131 /* LoginResponse.swift */,
				76D6D7EB2B33E0B7002CA521 /* HomeResponse.swift */,
			);
			path = Models;
			sourceTree = "<group>";
		};
		764828B52B2BF40100F8A131 /* Views */ = {
			isa = PBXGroup;
			children = (
				76770A852B28548A00389C80 /* HomeView.swift */,
				76C5A2392B30392E003487BD /* BookingHistoryView.swift */,
				760C8BE72B31443B00B8412D /* DetailEventView.swift */,
				76C5A2352B2FF525003487BD /* EventView.swift */,
				76C5A2372B2FF54C003487BD /* ProfileView.swift */,
				764828C32B2C394E00F8A131 /* SplashScreenView.swift */,
				764828C12B2BF84B00F8A131 /* LoginView.swift */,
			);
			path = Views;
			sourceTree = "<group>";
		};
		764828B62B2BF40F00F8A131 /* ViewModels */ = {
			isa = PBXGroup;
			children = (
				764828BF2B2BF71D00F8A131 /* LoginViewModel.swift */,
				764828CB2B2C5A4700F8A131 /* HomeViewModel.swift */,
			);
			path = ViewModels;
			sourceTree = "<group>";
		};
		764828B72B2BF42900F8A131 /* Services */ = {
			isa = PBXGroup;
			children = (
				764828BD2B2BF5F000F8A131 /* LoginService.swift */,
				76D6D7E92B33DDDD002CA521 /* HomeService.swift */,
			);
			path = Services;
			sourceTree = "<group>";
		};
		764828B82B2BF43A00F8A131 /* Resources */ = {
			isa = PBXGroup;
			children = (
				764828C92B2C3D4B00F8A131 /* splashscreen.jpg */,
			);
			path = Resources;
			sourceTree = "<group>";
		};
		764828B92B2BF44A00F8A131 /* Helpers */ = {
			isa = PBXGroup;
			children = (
				76C5A23B2B30A576003487BD /* Helpers.swift */,
			);
			path = Helpers;
			sourceTree = "<group>";
		};
		76770A4F2B28546700389C80 = {
			isa = PBXGroup;
			children = (
				76770A5A2B28546700389C80 /* Potluck Erajaya */,
				76770A6B2B28546A00389C80 /* Potluck ErajayaTests */,
				76770A752B28546A00389C80 /* Potluck ErajayaUITests */,
				76770A592B28546700389C80 /* Products */,
			);
			sourceTree = "<group>";
		};
		76770A592B28546700389C80 /* Products */ = {
			isa = PBXGroup;
			children = (
				76770A582B28546700389C80 /* Potluck Erajaya.app */,
				76770A682B28546900389C80 /* Potluck ErajayaTests.xctest */,
				76770A722B28546A00389C80 /* Potluck ErajayaUITests.xctest */,
			);
			name = Products;
			sourceTree = "<group>";
		};
		76770A5A2B28546700389C80 /* Potluck Erajaya */ = {
			isa = PBXGroup;
			children = (
				764828B92B2BF44A00F8A131 /* Helpers */,
				764828B82B2BF43A00F8A131 /* Resources */,
				764828B72B2BF42900F8A131 /* Services */,
				764828B62B2BF40F00F8A131 /* ViewModels */,
				764828B52B2BF40100F8A131 /* Views */,
				764828B42B2BF3EE00F8A131 /* Models */,
				76770A5B2B28546700389C80 /* Potluck_ErajayaApp.swift */,
				76770A5D2B28546700389C80 /* ContentView.swift */,
				76770A5F2B28546900389C80 /* Assets.xcassets */,
				76770A612B28546900389C80 /* Preview Content */,
				764828C52B2C3C4600F8A131 /* Launch Screen.storyboard */,
			);
			path = "Potluck Erajaya";
			sourceTree = "<group>";
		};
		76770A612B28546900389C80 /* Preview Content */ = {
			isa = PBXGroup;
			children = (
				76770A622B28546900389C80 /* Preview Assets.xcassets */,
			);
			path = "Preview Content";
			sourceTree = "<group>";
		};
		76770A6B2B28546A00389C80 /* Potluck ErajayaTests */ = {
			isa = PBXGroup;
			children = (
				76770A6C2B28546A00389C80 /* Potluck_ErajayaTests.swift */,
			);
			path = "Potluck ErajayaTests";
			sourceTree = "<group>";
		};
		76770A752B28546A00389C80 /* Potluck ErajayaUITests */ = {
			isa = PBXGroup;
			children = (
				76770A762B28546A00389C80 /* Potluck_ErajayaUITests.swift */,
				76770A782B28546A00389C80 /* Potluck_ErajayaUITestsLaunchTests.swift */,
			);
			path = "Potluck ErajayaUITests";
			sourceTree = "<group>";
		};
/* End PBXGroup section */

/* Begin PBXNativeTarget section */
		76770A572B28546700389C80 /* Potluck Erajaya */ = {
			isa = PBXNativeTarget;
			buildConfigurationList = 76770A7C2B28546A00389C80 /* Build configuration list for PBXNativeTarget "Potluck Erajaya" */;
			buildPhases = (
				76770A542B28546700389C80 /* Sources */,
				76770A552B28546700389C80 /* Frameworks */,
				76770A562B28546700389C80 /* Resources */,
			);
			buildRules = (
			);
			dependencies = (
			);
			name = "Potluck Erajaya";
			productName = "Potluck Erajaya";
			productReference = 76770A582B28546700389C80 /* Potluck Erajaya.app */;
			productType = "com.apple.product-type.application";
		};
		76770A672B28546900389C80 /* Potluck ErajayaTests */ = {
			isa = PBXNativeTarget;
			buildConfigurationList = 76770A7F2B28546A00389C80 /* Build configuration list for PBXNativeTarget "Potluck ErajayaTests" */;
			buildPhases = (
				76770A642B28546900389C80 /* Sources */,
				76770A652B28546900389C80 /* Frameworks */,
				76770A662B28546900389C80 /* Resources */,
			);
			buildRules = (
			);
			dependencies = (
				76770A6A2B28546900389C80 /* PBXTargetDependency */,
			);
			name = "Potluck ErajayaTests";
			productName = "Potluck ErajayaTests";
			productReference = 76770A682B28546900389C80 /* Potluck ErajayaTests.xctest */;
			productType = "com.apple.product-type.bundle.unit-test";
		};
		76770A712B28546A00389C80 /* Potluck ErajayaUITests */ = {
			isa = PBXNativeTarget;
			buildConfigurationList = 76770A822B28546A00389C80 /* Build configuration list for PBXNativeTarget "Potluck ErajayaUITests" */;
			buildPhases = (
				76770A6E2B28546A00389C80 /* Sources */,
				76770A6F2B28546A00389C80 /* Frameworks */,
				76770A702B28546A00389C80 /* Resources */,
			);
			buildRules = (
			);
			dependencies = (
				76770A742B28546A00389C80 /* PBXTargetDependency */,
			);
			name = "Potluck ErajayaUITests";
			productName = "Potluck ErajayaUITests";
			productReference = 76770A722B28546A00389C80 /* Potluck ErajayaUITests.xctest */;
			productType = "com.apple.product-type.bundle.ui-testing";
		};
/* End PBXNativeTarget section */

/* Begin PBXProject section */
		76770A502B28546700389C80 /* Project object */ = {
			isa = PBXProject;
			attributes = {
				BuildIndependentTargetsInParallel = 1;
				LastSwiftUpdateCheck = 1510;
				LastUpgradeCheck = 1510;
				TargetAttributes = {
					76770A572B28546700389C80 = {
						CreatedOnToolsVersion = 15.1;
					};
					76770A672B28546900389C80 = {
						CreatedOnToolsVersion = 15.1;
						TestTargetID = 76770A572B28546700389C80;
					};
					76770A712B28546A00389C80 = {
						CreatedOnToolsVersion = 15.1;
						TestTargetID = 76770A572B28546700389C80;
					};
				};
			};
			buildConfigurationList = 76770A532B28546700389C80 /* Build configuration list for PBXProject "ori" */;
			compatibilityVersion = "Xcode 14.0";
			developmentRegion = en;
			hasScannedForEncodings = 0;
			knownRegions = (
				en,
				Base,
			);
			mainGroup = 76770A4F2B28546700389C80;
			productRefGroup = 76770A592B28546700389C80 /* Products */;
			projectDirPath = "";
			projectRoot = "";
			targets = (
				76770A572B28546700389C80 /* Potluck Erajaya */,
				76770A672B28546900389C80 /* Potluck ErajayaTests */,
				76770A712B28546A00389C80 /* Potluck ErajayaUITests */,
			);
		};
/* End PBXProject section */

/* Begin PBXResourcesBuildPhase section */
		76770A562B28546700389C80 /* Resources */ = {
			isa = PBXResourcesBuildPhase;
			buildActionMask = 2147483647;
			files = (
				764828C62B2C3C4600F8A131 /* Launch Screen.storyboard in Resources */,
				76770A632B28546900389C80 /* Preview Assets.xcassets in Resources */,
				764828CA2B2C3D4B00F8A131 /* splashscreen.jpg in Resources */,
				76770A602B28546900389C80 /* Assets.xcassets in Resources */,
			);
			runOnlyForDeploymentPostprocessing = 0;
		};
		76770A662B28546900389C80 /* Resources */ = {
			isa = PBXResourcesBuildPhase;
			buildActionMask = 2147483647;
			files = (
			);
			runOnlyForDeploymentPostprocessing = 0;
		};
		76770A702B28546A00389C80 /* Resources */ = {
			isa = PBXResourcesBuildPhase;
			buildActionMask = 2147483647;
			files = (
			);
			runOnlyForDeploymentPostprocessing = 0;
		};
/* End PBXResourcesBuildPhase section */

/* Begin PBXSourcesBuildPhase section */
		76770A542B28546700389C80 /* Sources */ = {
			isa = PBXSourcesBuildPhase;
			buildActionMask = 2147483647;
			files = (
				76770A862B28548A00389C80 /* HomeView.swift in Sources */,
				764828CC2B2C5A4700F8A131 /* HomeViewModel.swift in Sources */,
				764828C22B2BF84B00F8A131 /* LoginView.swift in Sources */,
				76770A5E2B28546700389C80 /* ContentView.swift in Sources */,
				764828C02B2BF71D00F8A131 /* LoginViewModel.swift in Sources */,
				76D6D7EC2B33E0B7002CA521 /* HomeResponse.swift in Sources */,
				76C5A23A2B30392E003487BD /* BookingHistoryView.swift in Sources */,
				760C8BE82B31443B00B8412D /* DetailEventView.swift in Sources */,
				764828BE2B2BF5F000F8A131 /* LoginService.swift in Sources */,
				764828BB2B2BF55800F8A131 /* LoginResponse.swift in Sources */,
				76D6D7EA2B33DDDD002CA521 /* HomeService.swift in Sources */,
				76770A5C2B28546700389C80 /* Potluck_ErajayaApp.swift in Sources */,
				764828C42B2C394E00F8A131 /* SplashScreenView.swift in Sources */,
				76C5A23C2B30A576003487BD /* Helpers.swift in Sources */,
				76C5A2382B2FF54C003487BD /* ProfileView.swift in Sources */,
				76C5A2362B2FF525003487BD /* EventView.swift in Sources */,
			);
			runOnlyForDeploymentPostprocessing = 0;
		};
		76770A642B28546900389C80 /* Sources */ = {
			isa = PBXSourcesBuildPhase;
			buildActionMask = 2147483647;
			files = (
				76770A6D2B28546A00389C80 /* Potluck_ErajayaTests.swift in Sources */,
			);
			runOnlyForDeploymentPostprocessing = 0;
		};
		76770A6E2B28546A00389C80 /* Sources */ = {
			isa = PBXSourcesBuildPhase;
			buildActionMask = 2147483647;
			files = (
				76770A772B28546A00389C80 /* Potluck_ErajayaUITests.swift in Sources */,
				76770A792B28546A00389C80 /* Potluck_ErajayaUITestsLaunchTests.swift in Sources */,
			);
			runOnlyForDeploymentPostprocessing = 0;
		};
/* End PBXSourcesBuildPhase section */

/* Begin PBXTargetDependency section */
		76770A6A2B28546900389C80 /* PBXTargetDependency */ = {
			isa = PBXTargetDependency;
			target = 76770A572B28546700389C80 /* Potluck Erajaya */;
			targetProxy = 76770A692B28546900389C80 /* PBXContainerItemProxy */;
		};
		76770A742B28546A00389C80 /* PBXTargetDependency */ = {
			isa = PBXTargetDependency;
			target = 76770A572B28546700389C80 /* Potluck Erajaya */;
			targetProxy = 76770A732B28546A00389C80 /* PBXContainerItemProxy */;
		};
/* End PBXTargetDependency section */

/* Begin XCBuildConfiguration section */
		76770A7A2B28546A00389C80 /* Debug */ = {
			isa = XCBuildConfiguration;
			buildSettings = {
				ALWAYS_SEARCH_USER_PATHS = NO;
				ASSETCATALOG_COMPILER_GENERATE_SWIFT_ASSET_SYMBOL_EXTENSIONS = YES;
				CLANG_ANALYZER_NONNULL = YES;
				CLANG_ANALYZER_NUMBER_OBJECT_CONVERSION = YES_AGGRESSIVE;
				CLANG_CXX_LANGUAGE_STANDARD = "gnu++20";
				CLANG_ENABLE_MODULES = YES;
				CLANG_ENABLE_OBJC_ARC = YES;
				CLANG_ENABLE_OBJC_WEAK = YES;
				CLANG_WARN_BLOCK_CAPTURE_AUTORELEASING = YES;
				CLANG_WARN_BOOL_CONVERSION = YES;
				CLANG_WARN_COMMA = YES;
				CLANG_WARN_CONSTANT_CONVERSION = YES;
				CLANG_WARN_DEPRECATED_OBJC_IMPLEMENTATIONS = YES;
				CLANG_WARN_DIRECT_OBJC_ISA_USAGE = YES_ERROR;
				CLANG_WARN_DOCUMENTATION_COMMENTS = YES;
				CLANG_WARN_EMPTY_BODY = YES;
				CLANG_WARN_ENUM_CONVERSION = YES;
				CLANG_WARN_INFINITE_RECURSION = YES;
				CLANG_WARN_INT_CONVERSION = YES;
				CLANG_WARN_NON_LITERAL_NULL_CONVERSION = YES;
				CLANG_WARN_OBJC_IMPLICIT_RETAIN_SELF = YES;
				CLANG_WARN_OBJC_LITERAL_CONVERSION = YES;
				CLANG_WARN_OBJC_ROOT_CLASS = YES_ERROR;
				CLANG_WARN_QUOTED_INCLUDE_IN_FRAMEWORK_HEADER = YES;
				CLANG_WARN_RANGE_LOOP_ANALYSIS = YES;
				CLANG_WARN_STRICT_PROTOTYPES = YES;
				CLANG_WARN_SUSPICIOUS_MOVE = YES;
				CLANG_WARN_UNGUARDED_AVAILABILITY = YES_AGGRESSIVE;
				CLANG_WARN_UNREACHABLE_CODE = YES;
				CLANG_WARN__DUPLICATE_METHOD_MATCH = YES;
				COPY_PHASE_STRIP = NO;
				DEBUG_INFORMATION_FORMAT = dwarf;
				ENABLE_STRICT_OBJC_MSGSEND = YES;
				ENABLE_TESTABILITY = YES;
				ENABLE_USER_SCRIPT_SANDBOXING = YES;
				GCC_C_LANGUAGE_STANDARD = gnu17;
				GCC_DYNAMIC_NO_PIC = NO;
				GCC_NO_COMMON_BLOCKS = YES;
				GCC_OPTIMIZATION_LEVEL = 0;
				GCC_PREPROCESSOR_DEFINITIONS = (
					"DEBUG=1",
					"$(inherited)",
				);
				GCC_WARN_64_TO_32_BIT_CONVERSION = YES;
				GCC_WARN_ABOUT_RETURN_TYPE = YES_ERROR;
				GCC_WARN_UNDECLARED_SELECTOR = YES;
				GCC_WARN_UNINITIALIZED_AUTOS = YES_AGGRESSIVE;
				GCC_WARN_UNUSED_FUNCTION = YES;
				GCC_WARN_UNUSED_VARIABLE = YES;
				IPHONEOS_DEPLOYMENT_TARGET = 17.0;
				LOCALIZATION_PREFERS_STRING_CATALOGS = YES;
				MTL_ENABLE_DEBUG_INFO = INCLUDE_SOURCE;
				MTL_FAST_MATH = YES;
				ONLY_ACTIVE_ARCH = YES;
				SDKROOT = iphoneos;
				SWIFT_ACTIVE_COMPILATION_CONDITIONS = "DEBUG $(inherited)";
				SWIFT_OPTIMIZATION_LEVEL = "-Onone";
			};
			name = Debug;
		};
		76770A7B2B28546A00389C80 /* Release */ = {
			isa = XCBuildConfiguration;
			buildSettings = {
				ALWAYS_SEARCH_USER_PATHS = NO;
				ASSETCATALOG_COMPILER_GENERATE_SWIFT_ASSET_SYMBOL_EXTENSIONS = YES;
				CLANG_ANALYZER_NONNULL = YES;
				CLANG_ANALYZER_NUMBER_OBJECT_CONVERSION = YES_AGGRESSIVE;
				CLANG_CXX_LANGUAGE_STANDARD = "gnu++20";
				CLANG_ENABLE_MODULES = YES;
				CLANG_ENABLE_OBJC_ARC = YES;
				CLANG_ENABLE_OBJC_WEAK = YES;
				CLANG_WARN_BLOCK_CAPTURE_AUTORELEASING = YES;
				CLANG_WARN_BOOL_CONVERSION = YES;
				CLANG_WARN_COMMA = YES;
				CLANG_WARN_CONSTANT_CONVERSION = YES;
				CLANG_WARN_DEPRECATED_OBJC_IMPLEMENTATIONS = YES;
				CLANG_WARN_DIRECT_OBJC_ISA_USAGE = YES_ERROR;
				CLANG_WARN_DOCUMENTATION_COMMENTS = YES;
				CLANG_WARN_EMPTY_BODY = YES;
				CLANG_WARN_ENUM_CONVERSION = YES;
				CLANG_WARN_INFINITE_RECURSION = YES;
				CLANG_WARN_INT_CONVERSION = YES;
				CLANG_WARN_NON_LITERAL_NULL_CONVERSION = YES;
				CLANG_WARN_OBJC_IMPLICIT_RETAIN_SELF = YES;
				CLANG_WARN_OBJC_LITERAL_CONVERSION = YES;
				CLANG_WARN_OBJC_ROOT_CLASS = YES_ERROR;
				CLANG_WARN_QUOTED_INCLUDE_IN_FRAMEWORK_HEADER = YES;
				CLANG_WARN_RANGE_LOOP_ANALYSIS = YES;
				CLANG_WARN_STRICT_PROTOTYPES = YES;
				CLANG_WARN_SUSPICIOUS_MOVE = YES;
				CLANG_WARN_UNGUARDED_AVAILABILITY = YES_AGGRESSIVE;
				CLANG_WARN_UNREACHABLE_CODE = YES;
				CLANG_WARN__DUPLICATE_METHOD_MATCH = YES;
				COPY_PHASE_STRIP = NO;
				DEBUG_INFORMATION_FORMAT = "dwarf-with-dsym";
				ENABLE_NS_ASSERTIONS = NO;
				ENABLE_STRICT_OBJC_MSGSEND = YES;
				ENABLE_USER_SCRIPT_SANDBOXING = YES;
				GCC_C_LANGUAGE_STANDARD = gnu17;
				GCC_NO_COMMON_BLOCKS = YES;
				GCC_WARN_64_TO_32_BIT_CONVERSION = YES;
				GCC_WARN_ABOUT_RETURN_TYPE = YES_ERROR;
				GCC_WARN_UNDECLARED_SELECTOR = YES;
				GCC_WARN_UNINITIALIZED_AUTOS = YES_AGGRESSIVE;
				GCC_WARN_UNUSED_FUNCTION = YES;
				GCC_WARN_UNUSED_VARIABLE = YES;
				IPHONEOS_DEPLOYMENT_TARGET = 17.0;
				LOCALIZATION_PREFERS_STRING_CATALOGS = YES;
				MTL_ENABLE_DEBUG_INFO = NO;
				MTL_FAST_MATH = YES;
				SDKROOT = iphoneos;
				SWIFT_COMPILATION_MODE = wholemodule;
				VALIDATE_PRODUCT = YES;
			};
			name = Release;
		};
		76770A7D2B28546A00389C80 /* Debug */ = {
			isa = XCBuildConfiguration;
			buildSettings = {
				ASSETCATALOG_COMPILER_APPICON_NAME = AppIcon;
				ASSETCATALOG_COMPILER_GLOBAL_ACCENT_COLOR_NAME = AccentColor;
				CODE_SIGN_STYLE = Automatic;
				CURRENT_PROJECT_VERSION = 1;
				DEVELOPMENT_ASSET_PATHS = "\"Potluck Erajaya/Preview Content\"";
				DEVELOPMENT_TEAM = 2FPDFXPY9J;
				ENABLE_PREVIEWS = YES;
				GENERATE_INFOPLIST_FILE = YES;
				INFOPLIST_KEY_UIApplicationSceneManifest_Generation = YES;
				INFOPLIST_KEY_UIApplicationSupportsIndirectInputEvents = YES;
				INFOPLIST_KEY_UILaunchScreen_Generation = YES;
				INFOPLIST_KEY_UISupportedInterfaceOrientations_iPad = "UIInterfaceOrientationPortrait UIInterfaceOrientationPortraitUpsideDown UIInterfaceOrientationLandscapeLeft UIInterfaceOrientationLandscapeRight";
				INFOPLIST_KEY_UISupportedInterfaceOrientations_iPhone = UIInterfaceOrientationPortrait;
				IPHONEOS_DEPLOYMENT_TARGET = 15.0;
				LD_RUNPATH_SEARCH_PATHS = (
					"$(inherited)",
					"@executable_path/Frameworks",
				);
				MARKETING_VERSION = 1.0;
				PRODUCT_BUNDLE_IDENTIFIER = "erajaya.Potluck-Erajaya";
				PRODUCT_NAME = "$(TARGET_NAME)";
				SWIFT_EMIT_LOC_STRINGS = YES;
				SWIFT_VERSION = 5.0;
				TARGETED_DEVICE_FAMILY = "1,2";
			};
			name = Debug;
		};
		76770A7E2B28546A00389C80 /* Release */ = {
			isa = XCBuildConfiguration;
			buildSettings = {
				ASSETCATALOG_COMPILER_APPICON_NAME = AppIcon;
				ASSETCATALOG_COMPILER_GLOBAL_ACCENT_COLOR_NAME = AccentColor;
				CODE_SIGN_STYLE = Automatic;
				CURRENT_PROJECT_VERSION = 1;
				DEVELOPMENT_ASSET_PATHS = "\"Potluck Erajaya/Preview Content\"";
				DEVELOPMENT_TEAM = 2FPDFXPY9J;
				ENABLE_PREVIEWS = YES;
				GENERATE_INFOPLIST_FILE = YES;
				INFOPLIST_KEY_UIApplicationSceneManifest_Generation = YES;
				INFOPLIST_KEY_UIApplicationSupportsIndirectInputEvents = YES;
				INFOPLIST_KEY_UILaunchScreen_Generation = YES;
				INFOPLIST_KEY_UISupportedInterfaceOrientations_iPad = "UIInterfaceOrientationPortrait UIInterfaceOrientationPortraitUpsideDown UIInterfaceOrientationLandscapeLeft UIInterfaceOrientationLandscapeRight";
				INFOPLIST_KEY_UISupportedInterfaceOrientations_iPhone = UIInterfaceOrientationPortrait;
				IPHONEOS_DEPLOYMENT_TARGET = 15.0;
				LD_RUNPATH_SEARCH_PATHS = (
					"$(inherited)",
					"@executable_path/Frameworks",
				);
				MARKETING_VERSION = 1.0;
				PRODUCT_BUNDLE_IDENTIFIER = "erajaya.Potluck-Erajaya";
				PRODUCT_NAME = "$(TARGET_NAME)";
				SWIFT_EMIT_LOC_STRINGS = YES;
				SWIFT_VERSION = 5.0;
				TARGETED_DEVICE_FAMILY = "1,2";
			};
			name = Release;
		};
		76770A802B28546A00389C80 /* Debug */ = {
			isa = XCBuildConfiguration;
			buildSettings = {
				ALWAYS_EMBED_SWIFT_STANDARD_LIBRARIES = YES;
				BUNDLE_LOADER = "$(TEST_HOST)";
				CODE_SIGN_STYLE = Automatic;
				CURRENT_PROJECT_VERSION = 1;
				DEVELOPMENT_TEAM = 2FPDFXPY9J;
				GENERATE_INFOPLIST_FILE = YES;
				IPHONEOS_DEPLOYMENT_TARGET = 17.2;
				MARKETING_VERSION = 1.0;
				PRODUCT_BUNDLE_IDENTIFIER = "erajaya.Potluck-ErajayaTests";
				PRODUCT_NAME = "$(TARGET_NAME)";
				SWIFT_EMIT_LOC_STRINGS = NO;
				SWIFT_VERSION = 5.0;
				TARGETED_DEVICE_FAMILY = "1,2";
				TEST_HOST = "$(BUILT_PRODUCTS_DIR)/Potluck Erajaya.app/$(BUNDLE_EXECUTABLE_FOLDER_PATH)/Potluck Erajaya";
			};
			name = Debug;
		};
		76770A812B28546A00389C80 /* Release */ = {
			isa = XCBuildConfiguration;
			buildSettings = {
				ALWAYS_EMBED_SWIFT_STANDARD_LIBRARIES = YES;
				BUNDLE_LOADER = "$(TEST_HOST)";
				CODE_SIGN_STYLE = Automatic;
				CURRENT_PROJECT_VERSION = 1;
				DEVELOPMENT_TEAM = 2FPDFXPY9J;
				GENERATE_INFOPLIST_FILE = YES;
				IPHONEOS_DEPLOYMENT_TARGET = 17.2;
				MARKETING_VERSION = 1.0;
				PRODUCT_BUNDLE_IDENTIFIER = "erajaya.Potluck-ErajayaTests";
				PRODUCT_NAME = "$(TARGET_NAME)";
				SWIFT_EMIT_LOC_STRINGS = NO;
				SWIFT_VERSION = 5.0;
				TARGETED_DEVICE_FAMILY = "1,2";
				TEST_HOST = "$(BUILT_PRODUCTS_DIR)/Potluck Erajaya.app/$(BUNDLE_EXECUTABLE_FOLDER_PATH)/Potluck Erajaya";
			};
			name = Release;
		};
		76770A832B28546A00389C80 /* Debug */ = {
			isa = XCBuildConfiguration;
			buildSettings = {
				ALWAYS_EMBED_SWIFT_STANDARD_LIBRARIES = YES;
				CODE_SIGN_STYLE = Automatic;
				CURRENT_PROJECT_VERSION = 1;
				DEVELOPMENT_TEAM = 2FPDFXPY9J;
				GENERATE_INFOPLIST_FILE = YES;
				MARKETING_VERSION = 1.0;
				PRODUCT_BUNDLE_IDENTIFIER = "erajaya.Potluck-ErajayaUITests";
				PRODUCT_NAME = "$(TARGET_NAME)";
				SWIFT_EMIT_LOC_STRINGS = NO;
				SWIFT_VERSION = 5.0;
				TARGETED_DEVICE_FAMILY = "1,2";
				TEST_TARGET_NAME = "Potluck Erajaya";
			};
			name = Debug;
		};
		76770A842B28546A00389C80 /* Release */ = {
			isa = XCBuildConfiguration;
			buildSettings = {
				ALWAYS_EMBED_SWIFT_STANDARD_LIBRARIES = YES;
				CODE_SIGN_STYLE = Automatic;
				CURRENT_PROJECT_VERSION = 1;
				DEVELOPMENT_TEAM = 2FPDFXPY9J;
				GENERATE_INFOPLIST_FILE = YES;
				MARKETING_VERSION = 1.0;
				PRODUCT_BUNDLE_IDENTIFIER = "erajaya.Potluck-ErajayaUITests";
				PRODUCT_NAME = "$(TARGET_NAME)";
				SWIFT_EMIT_LOC_STRINGS = NO;
				SWIFT_VERSION = 5.0;
				TARGETED_DEVICE_FAMILY = "1,2";
				TEST_TARGET_NAME = "Potluck Erajaya";
			};
			name = Release;
		};
/* End XCBuildConfiguration section */

/* Begin XCConfigurationList section */
		76770A532B28546700389C80 /* Build configuration list for PBXProject "ori" */ = {
			isa = XCConfigurationList;
			buildConfigurations = (
				76770A7A2B28546A00389C80 /* Debug */,
				76770A7B2B28546A00389C80 /* Release */,
			);
			defaultConfigurationIsVisible = 0;
			defaultConfigurationName = Release;
		};
		76770A7C2B28546A00389C80 /* Build configuration list for PBXNativeTarget "Potluck Erajaya" */ = {
			isa = XCConfigurationList;
			buildConfigurations = (
				76770A7D2B28546A00389C80 /* Debug */,
				76770A7E2B28546A00389C80 /* Release */,
			);
			defaultConfigurationIsVisible = 0;
			defaultConfigurationName = Release;
		};
		76770A7F2B28546A00389C80 /* Build configuration list for PBXNativeTarget "Potluck ErajayaTests" */ = {
			isa = XCConfigurationList;
			buildConfigurations = (
				76770A802B28546A00389C80 /* Debug */,
				76770A812B28546A00389C80 /* Release */,
			);
			defaultConfigurationIsVisible = 0;
			defaultConfigurationName = Release;
		};
		76770A822B28546A00389C80 /* Build configuration list for PBXNativeTarget "Potluck ErajayaUITests" */ = {
			isa = XCConfigurationList;
			buildConfigurations = (
				76770A832B28546A00389C80 /* Debug */,
				76770A842B28546A00389C80 /* Release */,
			);
			defaultConfigurationIsVisible = 0;
			defaultConfigurationName = Release;
		};
/* End XCConfigurationList section */
	};
	rootObject = 76770A502B28546700389C80 /* Project object */;
}
